
Microsoft Visual Studio Solution File, Format Version 12.00
# Visual Studio 15
VisualStudioVersion = 15.0.28010.2048
MinimumVisualStudioVersion = 10.0.40219.1
Project("{8BC9CEB8-8B4A-11D0-8D11-00A0C91BC942}") = "基于点阵字库的汉字显示", "基于点阵字库的汉字显示\基于点阵字库的汉字显示.vcxproj", "{1E96B102-1AB4-4CC8-B89F-3A946F6C2A3F}"
EndProject
Global
	GlobalSection(SolutionConfigurationPlatforms) = preSolution
		Debug|x64 = Debug|x64
		Debug|x86 = Debug|x86
		Release|x64 = Release|x64
		Release|x86 = Release|x86
	EndGlobalSection
	GlobalSection(ProjectConfigurationPlatforms) = postSolution
		{1E96B102-1AB4-4CC8-B89F-3A946F6C2A3F}.Debug|x64.ActiveCfg = Debug|x64
		{1E96B102-1AB4-4CC8-B89F-3A946F6C2A3F}.Debug|x64.Build.0 = Debug|x64
		{1E96B102-1AB4-4CC8-B89F-3A946F6C2A3F}.Debug|x86.ActiveCfg = Debug|Win32
		{1E96B102-1AB4-4CC8-B89F-3A946F6C2A3F}.Debug|x86.Build.0 = Debug|Win32
		{1E96B102-1AB4-4CC8-B89F-3A946F6C2A3F}.Release|x64.ActiveCfg = Release|x64
		{1E96B102-1AB4-4CC8-B89F-3A946F6C2A3F}.Release|x64.Build.0 = Release|x64
		{1E96B102-1AB4-4CC8-B89F-3A946F6C2A3F}.Release|x86.ActiveCfg = Release|Win32
		{1E96B102-1AB4-4CC8-B89F-3A946F6C2A3F}.Release|x86.Build.0 = Release|Win32
	EndGlobalSection
	GlobalSection(SolutionProperties) = preSolution
		HideSolutionNode = FALSE
	EndGlobalSection
	GlobalSection(ExtensibilityGlobals) = postSolution
		SolutionGuid = {18F998A0-204D-462E-91D2-D6E83E2FEDBD}
	EndGlobalSection
EndGlobal
